
Microsoft Visual Studio Solution File, Format Version 12.00
# Visual Studio 15
VisualStudioVersion = 15.0.28307.852
MinimumVisualStudioVersion = 10.0.40219.1
Project("{FAE04EC0-301F-11D3-BF4B-00C04F79EFBC}") = "Demo", "Demo\Demo.csproj", "{96F46720-CEAF-4395-B8D7-5CA8C23E4E5C}"
EndProject
Project("{FAE04EC0-301F-11D3-BF4B-00C04F79EFBC}") = "Model", "Model\Model.csproj", "{571183F8-5E9C-4FB4-AD79-F6D2A0CF5C76}"
EndProject
Global
	GlobalSection(SolutionConfigurationPlatforms) = preSolution
		Debug|Any CPU = Debug|Any CPU
		Release|Any CPU = Release|Any CPU
	EndGlobalSection
	GlobalSection(ProjectConfigurationPlatforms) = postSolution
		{96F46720-CEAF-4395-B8D7-5CA8C23E4E5C}.Debug|Any CPU.ActiveCfg = Debug|Any CPU
		{96F46720-CEAF-4395-B8D7-5CA8C23E4E5C}.Debug|Any CPU.Build.0 = Debug|Any CPU
		{96F46720-CEAF-4395-B8D7-5CA8C23E4E5C}.Release|Any CPU.ActiveCfg = Release|Any CPU
		{96F46720-CEAF-4395-B8D7-5CA8C23E4E5C}.Release|Any CPU.Build.0 = Release|Any CPU
		{571183F8-5E9C-4FB4-AD79-F6D2A0CF5C76}.Debug|Any CPU.ActiveCfg = Debug|Any CPU
		{571183F8-5E9C-4FB4-AD79-F6D2A0CF5C76}.Debug|Any CPU.Build.0 = Debug|Any CPU
		{571183F8-5E9C-4FB4-AD79-F6D2A0CF5C76}.Release|Any CPU.ActiveCfg = Release|Any CPU
		{571183F8-5E9C-4FB4-AD79-F6D2A0CF5C76}.Release|Any CPU.Build.0 = Release|Any CPU
	EndGlobalSection
	GlobalSection(SolutionProperties) = preSolution
		HideSolutionNode = FALSE
	EndGlobalSection
	GlobalSection(ExtensibilityGlobals) = postSolution
		SolutionGuid = {87F02331-0642-4B58-A768-507971A0F37D}
	EndGlobalSection
EndGlobal
